{
  "name": "@unitybase/dml-generator",
  "version": "1.0.10",
  "lockfileVersion": 1,
  "dependencies": {
    "@unitybase/base": {
      "version": "4.2.11",
      "dependencies": {
        "@unitybase/cryptojs": {
          "version": "1.0.7",
          "bundled": true
        },
        "@unitybase/stubs": {
          "version": "4.1.5",
          "resolved": "http://registry.unitybase.info/@unitybase%2fstubs/-/stubs-4.1.5.tgz",
          "integrity": "sha1-JhKtkJ6oagKZyD8H/nfkvrTwi9E="
        },
        "lodash": {
          "version": "4.17.4",
          "resolved": "http://registry.unitybase.info/lodash/-/lodash-4.17.4.tgz",
          "integrity": "sha1-eCA6TRwyiuHYbcpkYONptX9AVa4="
        }
      }
    },
    "@unitybase/stubs": {
      "version": "4.1.5",
      "dev": true
    }
  }
}
