{
  "requires": true,
  "lockfileVersion": 1,
  "dependencies": {
    "mime-db": {
      "version": "1.27.0",
      "resolved": "http://registry.unitybase.info/mime-db/-/mime-db-1.27.0.tgz",
      "integrity": "sha1-gg9XIpa70g7CXtVeW13oaeVDbrE="
    },
    "mime-types": {
      "version": "2.1.15",
      "resolved": "http://registry.unitybase.info/mime-types/-/mime-types-2.1.15.tgz",
      "integrity": "sha1-pOv1BkCUVpI3uM9wBGd20J/JKu0=",
      "requires": {
        "mime-db": "1.27.0"
      }
    },
    "mustache": {
      "version": "2.3.0",
      "resolved": "http://registry.unitybase.info/mustache/-/mustache-2.3.0.tgz",
      "integrity": "sha1-QCj3d4sXcIpImTCm5SrDvKDaQdA="
    },
    "when": {
      "version": "1.8.1",
      "resolved": "http://registry.unitybase.info/when/-/when-1.8.1.tgz",
      "integrity": "sha1-7Hb2SF71Ycsr8/p/pFAGs02uT4M="
    },
    "xmldom": {
      "version": "0.1.27",
      "resolved": "https://registry.npmjs.org/xmldom/-/xmldom-0.1.27.tgz",
      "integrity": "sha1-1QH5ezvbQDr4757MIFcxh6rawOk="
    }
  }
}
