{
  "name": "@unitybase/ubcli",
  "version": "1.0.39",
  "lockfileVersion": 1,
  "requires": true,
  "dependencies": {
    "@unitybase/base": {
      "version": "4.2.19",
      "resolved": "http://registry.unitybase.info/@unitybase%2fbase/-/base-4.2.19.tgz",
      "integrity": "sha512-Ao96/gvtWgRJ7A6FW3My1B01XgDGVE4a6ZOloHiFzXF3zVascGjXihK+fxCMH8THcYZg3FEjy3Svdd7lClENqA==",
      "requires": {
        "@unitybase/cryptojs": "1.0.11",
        "lodash": "4.17.4"
      },
      "dependencies": {
        "@unitybase/cryptojs": {
          "version": "1.0.11",
          "resolved": "http://registry.unitybase.info/@unitybase%2fcryptojs/-/cryptojs-1.0.11.tgz",
          "integrity": "sha512-+iRvlHFmWqXeu60gx9hdzIxJq4TQlAuF6eubjdm+VCzHnqrSnI+y44PP3touA74krQql7pjgqYX4BNnftT17Hw=="
        }
      }
    },
    "@unitybase/compressors": {
      "version": "1.0.7",
      "resolved": "http://registry.unitybase.info/@unitybase%2fcompressors/-/compressors-1.0.7.tgz",
      "integrity": "sha512-LrdoPMgInfuwq9pjhMve4fDdkGhJHhNIKQZEpERP1nCwfw/Nt6aaU1blxAYNjNPQ5TOqyr1eMW51iQ1nZRVnFw=="
    },
    "@unitybase/stubs": {
      "version": "4.1.11",
      "resolved": "http://registry.unitybase.info/@unitybase%2fstubs/-/stubs-4.1.11.tgz",
      "integrity": "sha512-zavDqDiXMH56cdkkTptNZJeeQMgL5fm9RDZY7qdrJHR76Ta7rFOOmAT9KDmOKA3nbDqBf1B5drtUzDdwo8u/LQ==",
      "dev": true
    },
    "@unitybase/ub": {
      "version": "4.0.41",
      "resolved": "http://registry.unitybase.info/@unitybase%2fub/-/ub-4.0.41.tgz",
      "integrity": "sha512-8t6Ps8ANxPf2rDasvv8e9Fq74LFS7JPobZPQeP3FPRfV2YnKHaNEh4hjzkDt94UstpojcZnsWo+MOJEY4AdMSA==",
      "requires": {
        "@unitybase/base": "4.2.19",
        "mime-types": "2.1.17"
      }
    },
    "lodash": {
      "version": "4.17.4",
      "resolved": "https://registry.npmjs.org/lodash/-/lodash-4.17.4.tgz",
      "integrity": "sha1-eCA6TRwyiuHYbcpkYONptX9AVa4="
    },
    "mime-db": {
      "version": "1.30.0",
      "resolved": "https://registry.npmjs.org/mime-db/-/mime-db-1.30.0.tgz",
      "integrity": "sha1-dMZD2i3Z1qRTmZY0ZbJtXKfXHwE="
    },
    "mime-types": {
      "version": "2.1.17",
      "resolved": "https://registry.npmjs.org/mime-types/-/mime-types-2.1.17.tgz",
      "integrity": "sha1-Cdejk/A+mVp5+K+Fe3Cp4KsWVXo=",
      "requires": {
        "mime-db": "1.30.0"
      }
    },
    "mustache": {
      "version": "2.3.0",
      "resolved": "https://registry.npmjs.org/mustache/-/mustache-2.3.0.tgz",
      "integrity": "sha1-QCj3d4sXcIpImTCm5SrDvKDaQdA="
    }
  }
}
